
Microsoft Visual Studio Solution File, Format Version 12.00
# Visual Studio Version 16
VisualStudioVersion = 16.0.34407.143
MinimumVisualStudioVersion = 10.0.40219.1
Project("{8BC9CEB8-8B4A-11D0-8D11-00A0C91BC942}") = "AERSP 424 HW1", "AERSP 424 HW1.vcxproj", "{33D2DD2F-100A-4205-B784-A94A2B2493AC}"
EndProject
Global
	GlobalSection(SolutionConfigurationPlatforms) = preSolution
		Debug|x64 = Debug|x64
		Debug|x86 = Debug|x86
		Release|x64 = Release|x64
		Release|x86 = Release|x86
	EndGlobalSection
	GlobalSection(ProjectConfigurationPlatforms) = postSolution
		{33D2DD2F-100A-4205-B784-A94A2B2493AC}.Debug|x64.ActiveCfg = Debug|x64
		{33D2DD2F-100A-4205-B784-A94A2B2493AC}.Debug|x64.Build.0 = Debug|x64
		{33D2DD2F-100A-4205-B784-A94A2B2493AC}.Debug|x86.ActiveCfg = Debug|Win32
		{33D2DD2F-100A-4205-B784-A94A2B2493AC}.Debug|x86.Build.0 = Debug|Win32
		{33D2DD2F-100A-4205-B784-A94A2B2493AC}.Release|x64.ActiveCfg = Release|x64
		{33D2DD2F-100A-4205-B784-A94A2B2493AC}.Release|x64.Build.0 = Release|x64
		{33D2DD2F-100A-4205-B784-A94A2B2493AC}.Release|x86.ActiveCfg = Release|Win32
		{33D2DD2F-100A-4205-B784-A94A2B2493AC}.Release|x86.Build.0 = Release|Win32
	EndGlobalSection
	GlobalSection(SolutionProperties) = preSolution
		HideSolutionNode = FALSE
	EndGlobalSection
	GlobalSection(ExtensibilityGlobals) = postSolution
		SolutionGuid = {5A6BE45A-A465-49EB-A5DA-4134907F6AB3}
	EndGlobalSection
EndGlobal
